
Microsoft Visual Studio Solution File, Format Version 12.00
# Visual Studio 15
VisualStudioVersion = 15.0.27130.2010
MinimumVisualStudioVersion = 10.0.40219.1
Project("{FAE04EC0-301F-11D3-BF4B-00C04F79EFBC}") = "OptionsConsoleApplication", "OptionsConsoleApplication\OptionsConsoleApplication.csproj", "{0B43840C-58A3-4220-A914-026DAFBD411E}"
EndProject
Project("{FAE04EC0-301F-11D3-BF4B-00C04F79EFBC}") = "OptionLibrary", "..\..\ConsoleApp1\InstrumentLibrary\OptionLibrary.csproj", "{BD6FB156-8F74-482B-8476-7D7C0A47E572}"
EndProject
Project("{FAE04EC0-301F-11D3-BF4B-00C04F79EFBC}") = "OptionLibraryTests", "..\..\ConsoleApp1\OptionLibraryTests\OptionLibraryTests.csproj", "{ABF9C978-1D84-4C96-A65D-69126D1AFDEF}"
EndProject
Global
	GlobalSection(SolutionConfigurationPlatforms) = preSolution
		Debug|Any CPU = Debug|Any CPU
		Release|Any CPU = Release|Any CPU
	EndGlobalSection
	GlobalSection(ProjectConfigurationPlatforms) = postSolution
		{0B43840C-58A3-4220-A914-026DAFBD411E}.Debug|Any CPU.ActiveCfg = Debug|Any CPU
		{0B43840C-58A3-4220-A914-026DAFBD411E}.Debug|Any CPU.Build.0 = Debug|Any CPU
		{0B43840C-58A3-4220-A914-026DAFBD411E}.Release|Any CPU.ActiveCfg = Release|Any CPU
		{0B43840C-58A3-4220-A914-026DAFBD411E}.Release|Any CPU.Build.0 = Release|Any CPU
		{BD6FB156-8F74-482B-8476-7D7C0A47E572}.Debug|Any CPU.ActiveCfg = Debug|Any CPU
		{BD6FB156-8F74-482B-8476-7D7C0A47E572}.Debug|Any CPU.Build.0 = Debug|Any CPU
		{BD6FB156-8F74-482B-8476-7D7C0A47E572}.Release|Any CPU.ActiveCfg = Release|Any CPU
		{BD6FB156-8F74-482B-8476-7D7C0A47E572}.Release|Any CPU.Build.0 = Release|Any CPU
		{ABF9C978-1D84-4C96-A65D-69126D1AFDEF}.Debug|Any CPU.ActiveCfg = Debug|Any CPU
		{ABF9C978-1D84-4C96-A65D-69126D1AFDEF}.Debug|Any CPU.Build.0 = Debug|Any CPU
		{ABF9C978-1D84-4C96-A65D-69126D1AFDEF}.Release|Any CPU.ActiveCfg = Release|Any CPU
		{ABF9C978-1D84-4C96-A65D-69126D1AFDEF}.Release|Any CPU.Build.0 = Release|Any CPU
	EndGlobalSection
	GlobalSection(SolutionProperties) = preSolution
		HideSolutionNode = FALSE
	EndGlobalSection
	GlobalSection(ExtensibilityGlobals) = postSolution
		SolutionGuid = {2200ABD9-B351-4FB1-B4C7-F2AB0E99504E}
	EndGlobalSection
EndGlobal
